{
  "name": "jms",
  "lockfileVersion": 2,
  "requires": true,
  "packages": {
    "": {
      "dependencies": {
        "@popperjs/core": "^2.9.0",
        "popper.js": "^1.16.1",
        "toastify-js": "^1.10.0"
      }
    },
    "node_modules/@popperjs/core": {
      "version": "2.9.0",
      "resolved": "https://registry.npmjs.org/@popperjs/core/-/core-2.9.0.tgz",
      "integrity": "sha512-wjtKehFAIARq2OxK8j3JrggNlEslJfNuSm2ArteIbKyRMts2g0a7KzTxfRVNUM+O0gnBJ2hNV8nWPOYBgI1sew==",
      "funding": {
        "type": "opencollective",
        "url": "https://opencollective.com/popperjs"
      }
    },
    "node_modules/popper.js": {
      "version": "1.16.1",
      "resolved": "https://registry.npmjs.org/popper.js/-/popper.js-1.16.1.tgz",
      "integrity": "sha512-Wb4p1J4zyFTbM+u6WuO4XstYx4Ky9Cewe4DWrel7B0w6VVICvPwdOpotjzcf6eD8TsckVnIMNONQyPIUFOUbCQ==",
      "deprecated": "You can find the new Popper v2 at @popperjs/core, this package is dedicated to the legacy v1",
      "funding": {
        "type": "opencollective",
        "url": "https://opencollective.com/popperjs"
      }
    },
    "node_modules/toastify-js": {
      "version": "1.10.0",
      "resolved": "https://registry.npmjs.org/toastify-js/-/toastify-js-1.10.0.tgz",
      "integrity": "sha512-xuO499S1sw9gTdiBkZSMNE4sIoiQv/y0y534F7g2dcprVMAJZIdtOaphqiQlNJPfh0YQFDvgD4R3KcX5r94cAQ=="
    }
  },
  "dependencies": {
    "@popperjs/core": {
      "version": "2.9.0",
      "resolved": "https://registry.npmjs.org/@popperjs/core/-/core-2.9.0.tgz",
      "integrity": "sha512-wjtKehFAIARq2OxK8j3JrggNlEslJfNuSm2ArteIbKyRMts2g0a7KzTxfRVNUM+O0gnBJ2hNV8nWPOYBgI1sew=="
    },
    "popper.js": {
      "version": "1.16.1",
      "resolved": "https://registry.npmjs.org/popper.js/-/popper.js-1.16.1.tgz",
      "integrity": "sha512-Wb4p1J4zyFTbM+u6WuO4XstYx4Ky9Cewe4DWrel7B0w6VVICvPwdOpotjzcf6eD8TsckVnIMNONQyPIUFOUbCQ=="
    },
    "toastify-js": {
      "version": "1.10.0",
      "resolved": "https://registry.npmjs.org/toastify-js/-/toastify-js-1.10.0.tgz",
      "integrity": "sha512-xuO499S1sw9gTdiBkZSMNE4sIoiQv/y0y534F7g2dcprVMAJZIdtOaphqiQlNJPfh0YQFDvgD4R3KcX5r94cAQ=="
    }
  }
}
